{
  "name": "pp-collection",
  "version": "1.0.0",
  "lockfileVersion": 1,
  "requires": true,
  "dependencies": {
    "pp-model.js": {
      "version": "1.0.2",
      "resolved": "https://registry.npmjs.org/pp-model.js/-/pp-model.js-1.0.2.tgz",
      "integrity": "sha512-JxhbNTdSlctpSh1xtrpuUWryeQLF+W/OZZ/iLF/kcDPN18JL5rjM60lvwSvRT3/JOyVyUWfBjvgtI7Jf2k1Egg=="
    }
  }
}
