{
  "name": "pp-collection",
  "version": "1.0.0",
  "lockfileVersion": 1,
  "requires": true,
  "dependencies": {
    "pp-model.js": {
      "version": "1.0.3",
      "resolved": "https://registry.npmjs.org/pp-model.js/-/pp-model.js-1.0.3.tgz",
      "integrity": "sha512-A/2QX9ItSBbahAwmFsZn1mngpfdojaLZZOmek8fkonMQnYQvmnBrYTS6r8A4qke9kxg9Qpb7Girq0GQG2z+4LA=="
    }
  }
}
